{
  "nodes": {
    "agenix": {
      "inputs": {
        "darwin": "darwin",
        "home-manager": "home-manager",
        "nixpkgs": "nixpkgs",
        "systems": "systems"
      },
      "locked": {
        "lastModified": 1761656077,
        "narHash": "sha256-lsNWuj4Z+pE7s0bd2OKicOFq9bK86JE0ZGeKJbNqb94=",
        "owner": "ryantm",
        "repo": "agenix",
        "rev": "9ba0d85de3eaa7afeab493fed622008b6e4924f5",
        "type": "github"
      },
      "original": {
        "owner": "ryantm",
        "repo": "agenix",
        "type": "github"
      }
    },
    "darwin": {
      "inputs": {
        "nixpkgs": [
          "agenix",
          "nixpkgs"
        ]
      },
      "locked": {
        "lastModified": 1744478979,
        "narHash": "sha256-dyN+teG9G82G+m+PX/aSAagkC+vUv0SgUw3XkPhQodQ=",
        "owner": "lnl7",
        "repo": "nix-darwin",
        "rev": "43975d782b418ebf4969e9ccba82466728c2851b",
        "type": "github"
      },
      "original": {
        "owner": "lnl7",
        "ref": "master",
        "repo": "nix-darwin",
        "type": "github"
      }
    },
    "firefox-addons": {
      "inputs": {
        "nixpkgs": "nixpkgs_2"
      },
      "locked": {
        "dir": "pkgs/firefox-addons",
        "lastModified": 1762056214,
        "narHash": "sha256-nhQ66BLQifKsNKIYPyJXCp4Zzy8zGuH8TvSBGkotDJY=",
        "owner": "rycee",
        "repo": "nur-expressions",
        "rev": "ec07f4d37be2d4032e38166aae501458b6c381be",
        "type": "gitlab"
      },
      "original": {
        "dir": "pkgs/firefox-addons",
        "owner": "rycee",
        "repo": "nur-expressions",
        "type": "gitlab"
      }
    },
    "flake-parts": {
      "inputs": {
        "nixpkgs-lib": [
          "neovim-nightly-overlay",
          "nixpkgs"
        ]
      },
      "locked": {
        "lastModified": 1762040540,
        "narHash": "sha256-z5PlZ47j50VNF3R+IMS9LmzI5fYRGY/Z5O5tol1c9I4=",
        "owner": "hercules-ci",
        "repo": "flake-parts",
        "rev": "0010412d62a25d959151790968765a70c436598b",
        "type": "github"
      },
      "original": {
        "owner": "hercules-ci",
        "repo": "flake-parts",
        "type": "github"
      }
    },
    "home-manager": {
      "inputs": {
        "nixpkgs": [
          "agenix",
          "nixpkgs"
        ]
      },
      "locked": {
        "lastModified": 1745494811,
        "narHash": "sha256-YZCh2o9Ua1n9uCvrvi5pRxtuVNml8X2a03qIFfRKpFs=",
        "owner": "nix-community",
        "repo": "home-manager",
        "rev": "abfad3d2958c9e6300a883bd443512c55dfeb1be",
        "type": "github"
      },
      "original": {
        "owner": "nix-community",
        "repo": "home-manager",
        "type": "github"
      }
    },
    "home-manager_2": {
      "inputs": {
        "nixpkgs": [
          "nixpkgs"
        ]
      },
      "locked": {
        "lastModified": 1762087455,
        "narHash": "sha256-hpbPma1eUKwLAmiVRoMgIHbHiIKFkcACobJLbDt6ABw=",
        "owner": "nix-community",
        "repo": "home-manager",
        "rev": "43e205606aeb253bfcee15fd8a4a01d8ce8384ca",
        "type": "github"
      },
      "original": {
        "owner": "nix-community",
        "repo": "home-manager",
        "type": "github"
      }
    },
    "mini": {
      "flake": false,
      "locked": {
        "lastModified": 1762011493,
        "narHash": "sha256-TKAvVcHrqemvhgcb9DM2+JMM0ACwGInhf3U1yuRXdjk=",
        "owner": "echasnovski",
        "repo": "mini.nvim",
        "rev": "429e5f9dc9cd59bf76cd98b687300f0a384a7f52",
        "type": "github"
      },
      "original": {
        "owner": "echasnovski",
        "repo": "mini.nvim",
        "type": "github"
      }
    },
    "neovim-nightly-overlay": {
      "inputs": {
        "flake-parts": "flake-parts",
        "neovim-src": "neovim-src",
        "nixpkgs": "nixpkgs_3"
      },
      "locked": {
        "lastModified": 1762041886,
        "narHash": "sha256-AfQcsHsxOEwMQCO++mfQGJTNFoo0FpIAizhqflDHz/E=",
        "owner": "nix-community",
        "repo": "neovim-nightly-overlay",
        "rev": "3c2b23d87b7e57d384ed899a87f04f0985ece3f2",
        "type": "github"
      },
      "original": {
        "owner": "nix-community",
        "repo": "neovim-nightly-overlay",
        "type": "github"
      }
    },
    "neovim-src": {
      "flake": false,
      "locked": {
        "lastModified": 1762038680,
        "narHash": "sha256-urivaD3khXn2FoFIUkI3zF3vxM7EkaUSqS4BZA69Mf0=",
        "owner": "neovim",
        "repo": "neovim",
        "rev": "a4988bb3cd2d69ce3c934c2a1cf8aa7b16bab29b",
        "type": "github"
      },
      "original": {
        "owner": "neovim",
        "repo": "neovim",
        "type": "github"
      }
    },
    "nixpkgs": {
      "locked": {
        "lastModified": 1754028485,
        "narHash": "sha256-IiiXB3BDTi6UqzAZcf2S797hWEPCRZOwyNThJIYhUfk=",
        "owner": "NixOS",
        "repo": "nixpkgs",
        "rev": "59e69648d345d6e8fef86158c555730fa12af9de",
        "type": "github"
      },
      "original": {
        "owner": "NixOS",
        "ref": "nixos-25.05",
        "repo": "nixpkgs",
        "type": "github"
      }
    },
    "nixpkgs_2": {
      "locked": {
        "lastModified": 1744536153,
        "narHash": "sha256-awS2zRgF4uTwrOKwwiJcByDzDOdo3Q1rPZbiHQg/N38=",
        "owner": "nixos",
        "repo": "nixpkgs",
        "rev": "18dd725c29603f582cf1900e0d25f9f1063dbf11",
        "type": "github"
      },
      "original": {
        "owner": "nixos",
        "ref": "nixpkgs-unstable",
        "repo": "nixpkgs",
        "type": "github"
      }
    },
    "nixpkgs_3": {
      "locked": {
        "lastModified": 1761880412,
        "narHash": "sha256-QoJjGd4NstnyOG4mm4KXF+weBzA2AH/7gn1Pmpfcb0A=",
        "owner": "NixOS",
        "repo": "nixpkgs",
        "rev": "a7fc11be66bdfb5cdde611ee5ce381c183da8386",
        "type": "github"
      },
      "original": {
        "owner": "NixOS",
        "ref": "nixpkgs-unstable",
        "repo": "nixpkgs",
        "type": "github"
      }
    },
    "nixpkgs_4": {
      "locked": {
        "lastModified": 1761907660,
        "narHash": "sha256-kJ8lIZsiPOmbkJypG+B5sReDXSD1KGu2VEPNqhRa/ew=",
        "owner": "nixos",
        "repo": "nixpkgs",
        "rev": "2fb006b87f04c4d3bdf08cfdbc7fab9c13d94a15",
        "type": "github"
      },
      "original": {
        "owner": "nixos",
        "ref": "nixos-unstable",
        "repo": "nixpkgs",
        "type": "github"
      }
    },
    "nvim-fundo": {
      "flake": false,
      "locked": {
        "lastModified": 1715880105,
        "narHash": "sha256-+YOLS6YqxAp5hBCzLrqUJ1aM/KTnWsmAhw6zRpK3HWk=",
        "owner": "kevinhwang91",
        "repo": "nvim-fundo",
        "rev": "ac9c9372c4bf677721e24f144ef29d3a05c2b589",
        "type": "github"
      },
      "original": {
        "owner": "kevinhwang91",
        "repo": "nvim-fundo",
        "type": "github"
      }
    },
    "root": {
      "inputs": {
        "agenix": "agenix",
        "firefox-addons": "firefox-addons",
        "home-manager": "home-manager_2",
        "mini": "mini",
        "neovim-nightly-overlay": "neovim-nightly-overlay",
        "nixpkgs": "nixpkgs_4",
        "nvim-fundo": "nvim-fundo",
        "sersorrel-discord": "sersorrel-discord",
        "showkeys": "showkeys",
        "vim-slime-cells": "vim-slime-cells"
      }
    },
    "sersorrel-discord": {
      "flake": false,
      "locked": {
        "lastModified": 1755111834,
        "narHash": "sha256-pCcLjh0Ne6w/xBqnnbZiTddJLRbUJToijAeGgMMi1hM=",
        "owner": "sersorrel",
        "repo": "sys",
        "rev": "52ae036d683cf1066b0ec91091dabe365b4da11f",
        "type": "github"
      },
      "original": {
        "owner": "sersorrel",
        "repo": "sys",
        "type": "github"
      }
    },
    "showkeys": {
      "flake": false,
      "locked": {
        "lastModified": 1748072946,
        "narHash": "sha256-mn/SBtk9YbYZRTJZ054IVsSVOlrry5gsHOXQEnd3b7M=",
        "owner": "nvzone",
        "repo": "showkeys",
        "rev": "cb0a50296f11f1e585acffba8c253b9e8afc1f84",
        "type": "github"
      },
      "original": {
        "owner": "nvzone",
        "repo": "showkeys",
        "type": "github"
      }
    },
    "systems": {
      "locked": {
        "lastModified": 1681028828,
        "narHash": "sha256-Vy1rq5AaRuLzOxct8nz4T6wlgyUR7zLU309k9mBC768=",
        "owner": "nix-systems",
        "repo": "default",
        "rev": "da67096a3b9bf56a91d16901293e51ba5b49a27e",
        "type": "github"
      },
      "original": {
        "owner": "nix-systems",
        "repo": "default",
        "type": "github"
      }
    },
    "vim-slime-cells": {
      "flake": false,
      "locked": {
        "lastModified": 1668689664,
        "narHash": "sha256-d3+uH+LuIbrBFNp5BCHca2m94RN2asGgzQojC2f6yoQ=",
        "owner": "klafyvel",
        "repo": "vim-slime-cells",
        "rev": "2252bc83fc0174c8e67bcf9a519edf2d328b8bc9",
        "type": "github"
      },
      "original": {
        "owner": "klafyvel",
        "repo": "vim-slime-cells",
        "type": "github"
      }
    }
  },
  "root": "root",
  "version": 7
}
