{
  "nodes": {
    "deferred-apps": {
      "inputs": {
        "nixpkgs": "nixpkgs"
      },
      "locked": {
        "lastModified": 1766929169,
        "narHash": "sha256-NtORF4+30hogfSkm6bZh3xsOObkVeoJ2dSEa+zvPgiA=",
        "owner": "WitteShadovv",
        "repo": "deferred-apps",
        "rev": "e6899eaffec705603e8efeb5d72ac1607b525b14",
        "type": "github"
      },
      "original": {
        "owner": "WitteShadovv",
        "repo": "deferred-apps",
        "rev": "e6899eaffec705603e8efeb5d72ac1607b525b14",
        "type": "github"
      }
    },
    "firefox-addons": {
      "inputs": {
        "nixpkgs": "nixpkgs_2"
      },
      "locked": {
        "dir": "pkgs/firefox-addons",
        "lastModified": 1773720169,
        "narHash": "sha256-rDYvCjc50uxasQjU07Y8vHudR28LtRQbfrvRqZRyiN4=",
        "owner": "rycee",
        "repo": "nur-expressions",
        "rev": "7f4fdba8e1b5177ef1508e2d32843c68c4aebf5c",
        "type": "gitlab"
      },
      "original": {
        "dir": "pkgs/firefox-addons",
        "owner": "rycee",
        "repo": "nur-expressions",
        "type": "gitlab"
      }
    },
    "flake-parts": {
      "inputs": {
        "nixpkgs-lib": "nixpkgs-lib"
      },
      "locked": {
        "lastModified": 1772408722,
        "narHash": "sha256-rHuJtdcOjK7rAHpHphUb1iCvgkU3GpfvicLMwwnfMT0=",
        "owner": "hercules-ci",
        "repo": "flake-parts",
        "rev": "f20dc5d9b8027381c474144ecabc9034d6a839a3",
        "type": "github"
      },
      "original": {
        "owner": "hercules-ci",
        "repo": "flake-parts",
        "type": "github"
      }
    },
    "flake-parts_2": {
      "inputs": {
        "nixpkgs-lib": [
          "neovim-nightly-overlay",
          "nixpkgs"
        ]
      },
      "locked": {
        "lastModified": 1772408722,
        "narHash": "sha256-rHuJtdcOjK7rAHpHphUb1iCvgkU3GpfvicLMwwnfMT0=",
        "owner": "hercules-ci",
        "repo": "flake-parts",
        "rev": "f20dc5d9b8027381c474144ecabc9034d6a839a3",
        "type": "github"
      },
      "original": {
        "owner": "hercules-ci",
        "repo": "flake-parts",
        "type": "github"
      }
    },
    "home-manager": {
      "inputs": {
        "nixpkgs": [
          "nixpkgs"
        ]
      },
      "locked": {
        "lastModified": 1773681856,
        "narHash": "sha256-+bRqxoFCJFO9ZTFhcCkzNXbDT3b8AEk88fyjB7Is6eo=",
        "owner": "nix-community",
        "repo": "home-manager",
        "rev": "57d5560ee92a424fb71fde800acd6ed2c725dfce",
        "type": "github"
      },
      "original": {
        "owner": "nix-community",
        "repo": "home-manager",
        "type": "github"
      }
    },
    "import-tree": {
      "locked": {
        "lastModified": 1773693634,
        "narHash": "sha256-BtZ2dtkBdSUnFPPFc+n0kcMbgaTxzFNPv2iaO326Ffg=",
        "owner": "vic",
        "repo": "import-tree",
        "rev": "c41e7d58045f9057880b0d85e1152d6a4430dbf1",
        "type": "github"
      },
      "original": {
        "owner": "vic",
        "repo": "import-tree",
        "type": "github"
      }
    },
    "mini": {
      "flake": false,
      "locked": {
        "lastModified": 1773763825,
        "narHash": "sha256-NqzDs3aGVUJfAVxX/qknJF1zpkaRhkMsy11dgi52Bu0=",
        "owner": "echasnovski",
        "repo": "mini.nvim",
        "rev": "28d993854bdcde7d06f0990cfe6a2c6577f3f8ab",
        "type": "github"
      },
      "original": {
        "owner": "echasnovski",
        "repo": "mini.nvim",
        "type": "github"
      }
    },
    "neovim-nightly-overlay": {
      "inputs": {
        "flake-parts": "flake-parts_2",
        "neovim-src": "neovim-src",
        "nixpkgs": "nixpkgs_3"
      },
      "locked": {
        "lastModified": 1773705884,
        "narHash": "sha256-2atzXVl7CB+46HcuFRe3cUleEJdn2KoUdVOPQHyZBpg=",
        "owner": "nix-community",
        "repo": "neovim-nightly-overlay",
        "rev": "3c143994a616ebc45c69dfa0487e171b7b5c0da6",
        "type": "github"
      },
      "original": {
        "owner": "nix-community",
        "repo": "neovim-nightly-overlay",
        "type": "github"
      }
    },
    "neovim-src": {
      "flake": false,
      "locked": {
        "lastModified": 1773702732,
        "narHash": "sha256-1Oi7ygsg3ExZGMF4/VBVTDJMz27uM14kSwx7EUkte6Q=",
        "owner": "neovim",
        "repo": "neovim",
        "rev": "6edae880528b7a1494a7610b07e4415d68c463ff",
        "type": "github"
      },
      "original": {
        "owner": "neovim",
        "repo": "neovim",
        "type": "github"
      }
    },
    "nixpkgs": {
      "locked": {
        "lastModified": 1766651565,
        "narHash": "sha256-QEhk0eXgyIqTpJ/ehZKg9IKS7EtlWxF3N7DXy42zPfU=",
        "owner": "NixOS",
        "repo": "nixpkgs",
        "rev": "3e2499d5539c16d0d173ba53552a4ff8547f4539",
        "type": "github"
      },
      "original": {
        "owner": "NixOS",
        "ref": "nixos-unstable",
        "repo": "nixpkgs",
        "type": "github"
      }
    },
    "nixpkgs-lib": {
      "locked": {
        "lastModified": 1772328832,
        "narHash": "sha256-e+/T/pmEkLP6BHhYjx6GmwP5ivonQQn0bJdH9YrRB+Q=",
        "owner": "nix-community",
        "repo": "nixpkgs.lib",
        "rev": "c185c7a5e5dd8f9add5b2f8ebeff00888b070742",
        "type": "github"
      },
      "original": {
        "owner": "nix-community",
        "repo": "nixpkgs.lib",
        "type": "github"
      }
    },
    "nixpkgs-master": {
      "locked": {
        "lastModified": 1773768368,
        "narHash": "sha256-8OGTsiElJmiOYGXdIt0I+Hb1DiA4VmXx1XLId0Q9RWM=",
        "owner": "nixos",
        "repo": "nixpkgs",
        "rev": "922114cf0f5d806ea7ff8fb99ee20bbc7c602718",
        "type": "github"
      },
      "original": {
        "owner": "nixos",
        "ref": "master",
        "repo": "nixpkgs",
        "type": "github"
      }
    },
    "nixpkgs_2": {
      "locked": {
        "lastModified": 1744536153,
        "narHash": "sha256-awS2zRgF4uTwrOKwwiJcByDzDOdo3Q1rPZbiHQg/N38=",
        "owner": "nixos",
        "repo": "nixpkgs",
        "rev": "18dd725c29603f582cf1900e0d25f9f1063dbf11",
        "type": "github"
      },
      "original": {
        "owner": "nixos",
        "ref": "nixpkgs-unstable",
        "repo": "nixpkgs",
        "type": "github"
      }
    },
    "nixpkgs_3": {
      "locked": {
        "lastModified": 1773597492,
        "narHash": "sha256-hQ284SkIeNaeyud+LS0WVLX+WL2rxcVZLFEaK0e03zg=",
        "owner": "NixOS",
        "repo": "nixpkgs",
        "rev": "a07d4ce6bee67d7c838a8a5796e75dff9caa21ef",
        "type": "github"
      },
      "original": {
        "owner": "NixOS",
        "ref": "nixpkgs-unstable",
        "repo": "nixpkgs",
        "type": "github"
      }
    },
    "nixpkgs_4": {
      "locked": {
        "lastModified": 1773646010,
        "narHash": "sha256-iYrs97hS7p5u4lQzuNWzuALGIOdkPXvjz7bviiBjUu8=",
        "owner": "nixos",
        "repo": "nixpkgs",
        "rev": "5b2c2d84341b2afb5647081c1386a80d7a8d8605",
        "type": "github"
      },
      "original": {
        "owner": "nixos",
        "ref": "nixos-unstable",
        "repo": "nixpkgs",
        "type": "github"
      }
    },
    "nvim-fundo": {
      "flake": false,
      "locked": {
        "lastModified": 1768116224,
        "narHash": "sha256-PGebG5bhwXYJ6cv1wSB/WOJZucoL6FGBiGdxkEtPl04=",
        "owner": "kevinhwang91",
        "repo": "nvim-fundo",
        "rev": "c2b83cb19e4ac475f2b08aaf775afe3da19bc495",
        "type": "github"
      },
      "original": {
        "owner": "kevinhwang91",
        "repo": "nvim-fundo",
        "type": "github"
      }
    },
    "recover-vim": {
      "flake": false,
      "locked": {
        "lastModified": 1439537091,
        "narHash": "sha256-umh7gZ3UdKHO8UQCSME1GNaJq5PEAktwctDyJVCNX58=",
        "owner": "chrisbra",
        "repo": "Recover.vim",
        "rev": "efa491f6121f65e025f42d79a93081abb8db69d4",
        "type": "github"
      },
      "original": {
        "owner": "chrisbra",
        "repo": "Recover.vim",
        "type": "github"
      }
    },
    "root": {
      "inputs": {
        "deferred-apps": "deferred-apps",
        "firefox-addons": "firefox-addons",
        "flake-parts": "flake-parts",
        "home-manager": "home-manager",
        "import-tree": "import-tree",
        "mini": "mini",
        "neovim-nightly-overlay": "neovim-nightly-overlay",
        "nixpkgs": "nixpkgs_4",
        "nixpkgs-master": "nixpkgs-master",
        "nvim-fundo": "nvim-fundo",
        "recover-vim": "recover-vim",
        "sersorrel-discord": "sersorrel-discord",
        "showkeys": "showkeys",
        "vim-slime-cells": "vim-slime-cells"
      }
    },
    "sersorrel-discord": {
      "flake": false,
      "locked": {
        "lastModified": 1755111834,
        "narHash": "sha256-pCcLjh0Ne6w/xBqnnbZiTddJLRbUJToijAeGgMMi1hM=",
        "owner": "sersorrel",
        "repo": "sys",
        "rev": "52ae036d683cf1066b0ec91091dabe365b4da11f",
        "type": "github"
      },
      "original": {
        "owner": "sersorrel",
        "repo": "sys",
        "type": "github"
      }
    },
    "showkeys": {
      "flake": false,
      "locked": {
        "lastModified": 1748072946,
        "narHash": "sha256-mn/SBtk9YbYZRTJZ054IVsSVOlrry5gsHOXQEnd3b7M=",
        "owner": "nvzone",
        "repo": "showkeys",
        "rev": "cb0a50296f11f1e585acffba8c253b9e8afc1f84",
        "type": "github"
      },
      "original": {
        "owner": "nvzone",
        "repo": "showkeys",
        "type": "github"
      }
    },
    "vim-slime-cells": {
      "flake": false,
      "locked": {
        "lastModified": 1668689664,
        "narHash": "sha256-d3+uH+LuIbrBFNp5BCHca2m94RN2asGgzQojC2f6yoQ=",
        "owner": "klafyvel",
        "repo": "vim-slime-cells",
        "rev": "2252bc83fc0174c8e67bcf9a519edf2d328b8bc9",
        "type": "github"
      },
      "original": {
        "owner": "klafyvel",
        "repo": "vim-slime-cells",
        "type": "github"
      }
    }
  },
  "root": "root",
  "version": 7
}
